// !$*UTF8*$!
{
	archiveVersion = 1;
	classes = {
	};
	objectVersion = 50;
	objects = {

/* Begin PBXBuildFile section */
		3B547520211D747C00D8A2D0 /* AppDelegate.swift in Sources */ = {isa = PBXBuildFile; fileRef = 3B54751F211D747C00D8A2D0 /* AppDelegate.swift */; };
		3B547522211D747C00D8A2D0 /* ViewController.swift in Sources */ = {isa = PBXBuildFile; fileRef = 3B547521211D747C00D8A2D0 /* ViewController.swift */; };
		3B547525211D747C00D8A2D0 /* Main.storyboard in Resources */ = {isa = PBXBuildFile; fileRef = 3B547523211D747C00D8A2D0 /* Main.storyboard */; };
		3B547527211D747D00D8A2D0 /* Assets.xcassets in Resources */ = {isa = PBXBuildFile; fileRef = 3B547526211D747D00D8A2D0 /* Assets.xcassets */; };
		3B54752A211D747D00D8A2D0 /* LaunchScreen.storyboard in Resources */ = {isa = PBXBuildFile; fileRef = 3B547528211D747D00D8A2D0 /* LaunchScreen.storyboard */; };
		3B547535211D747D00D8A2D0 /* MenuDropDemoTests.swift in Sources */ = {isa = PBXBuildFile; fileRef = 3B547534211D747D00D8A2D0 /* MenuDropDemoTests.swift */; };
		3B547540211D747D00D8A2D0 /* MenuDropDemoUITests.swift in Sources */ = {isa = PBXBuildFile; fileRef = 3B54753F211D747D00D8A2D0 /* MenuDropDemoUITests.swift */; };
		3B54754E211D756A00D8A2D0 /* NMenuDropView.swift in Sources */ = {isa = PBXBuildFile; fileRef = 3B54754D211D756A00D8A2D0 /* NMenuDropView.swift */; };
		3B97459A212C20BB009F2220 /* TableViewController1.swift in Sources */ = {isa = PBXBuildFile; fileRef = 3B974599212C20BB009F2220 /* TableViewController1.swift */; };
/* End PBXBuildFile section */

/* Begin PBXContainerItemProxy section */
		3B547531211D747D00D8A2D0 /* PBXContainerItemProxy */ = {
			isa = PBXContainerItemProxy;
			containerPortal = 3B547514211D747C00D8A2D0 /* Project object */;
			proxyType = 1;
			remoteGlobalIDString = 3B54751B211D747C00D8A2D0;
			remoteInfo = MenuDropDemo;
		};
		3B54753C211D747D00D8A2D0 /* PBXContainerItemProxy */ = {
			isa = PBXContainerItemProxy;
			containerPortal = 3B547514211D747C00D8A2D0 /* Project object */;
			proxyType = 1;
			remoteGlobalIDString = 3B54751B211D747C00D8A2D0;
			remoteInfo = MenuDropDemo;
		};
/* End PBXContainerItemProxy section */

/* Begin PBXFileReference section */
		3B54751C211D747C00D8A2D0 /* MenuDropDemo.app */ = {isa = PBXFileReference; explicitFileType = wrapper.application; includeInIndex = 0; path = MenuDropDemo.app; sourceTree = BUILT_PRODUCTS_DIR; };
		3B54751F211D747C00D8A2D0 /* AppDelegate.swift */ = {isa = PBXFileReference; lastKnownFileType = sourcecode.swift; path = AppDelegate.swift; sourceTree = "<group>"; };
		3B547521211D747C00D8A2D0 /* ViewController.swift */ = {isa = PBXFileReference; lastKnownFileType = sourcecode.swift; path = ViewController.swift; sourceTree = "<group>"; };
		3B547524211D747C00D8A2D0 /* Base */ = {isa = PBXFileReference; lastKnownFileType = file.storyboard; name = Base; path = Base.lproj/Main.storyboard; sourceTree = "<group>"; };
		3B547526211D747D00D8A2D0 /* Assets.xcassets */ = {isa = PBXFileReference; lastKnownFileType = folder.assetcatalog; path = Assets.xcassets; sourceTree = "<group>"; };
		3B547529211D747D00D8A2D0 /* Base */ = {isa = PBXFileReference; lastKnownFileType = file.storyboard; name = Base; path = Base.lproj/LaunchScreen.storyboard; sourceTree = "<group>"; };
		3B54752B211D747D00D8A2D0 /* Info.plist */ = {isa = PBXFileReference; lastKnownFileType = text.plist.xml; path = Info.plist; sourceTree = "<group>"; };
		3B547530211D747D00D8A2D0 /* MenuDropDemoTests.xctest */ = {isa = PBXFileReference; explicitFileType = wrapper.cfbundle; includeInIndex = 0; path = MenuDropDemoTests.xctest; sourceTree = BUILT_PRODUCTS_DIR; };
		3B547534211D747D00D8A2D0 /* MenuDropDemoTests.swift */ = {isa = PBXFileReference; lastKnownFileType = sourcecode.swift; path = MenuDropDemoTests.swift; sourceTree = "<group>"; };
		3B547536211D747D00D8A2D0 /* Info.plist */ = {isa = PBXFileReference; lastKnownFileType = text.plist.xml; path = Info.plist; sourceTree = "<group>"; };
		3B54753B211D747D00D8A2D0 /* MenuDropDemoUITests.xctest */ = {isa = PBXFileReference; explicitFileType = wrapper.cfbundle; includeInIndex = 0; path = MenuDropDemoUITests.xctest; sourceTree = BUILT_PRODUCTS_DIR; };
		3B54753F211D747D00D8A2D0 /* MenuDropDemoUITests.swift */ = {isa = PBXFileReference; lastKnownFileType = sourcecode.swift; path = MenuDropDemoUITests.swift; sourceTree = "<group>"; };
		3B547541211D747D00D8A2D0 /* Info.plist */ = {isa = PBXFileReference; lastKnownFileType = text.plist.xml; path = Info.plist; sourceTree = "<group>"; };
		3B54754D211D756A00D8A2D0 /* NMenuDropView.swift */ = {isa = PBXFileReference; lastKnownFileType = sourcecode.swift; path = NMenuDropView.swift; sourceTree = "<group>"; };
		3B974599212C20BB009F2220 /* TableViewController1.swift */ = {isa = PBXFileReference; lastKnownFileType = sourcecode.swift; path = TableViewController1.swift; sourceTree = "<group>"; };
/* End PBXFileReference section */

/* Begin PBXFrameworksBuildPhase section */
		3B547519211D747C00D8A2D0 /* Frameworks */ = {
			isa = PBXFrameworksBuildPhase;
			buildActionMask = 2147483647;
			files = (
			);
			runOnlyForDeploymentPostprocessing = 0;
		};
		3B54752D211D747D00D8A2D0 /* Frameworks */ = {
			isa = PBXFrameworksBuildPhase;
			buildActionMask = 2147483647;
			files = (
			);
			runOnlyForDeploymentPostprocessing = 0;
		};
		3B547538211D747D00D8A2D0 /* Frameworks */ = {
			isa = PBXFrameworksBuildPhase;
			buildActionMask = 2147483647;
			files = (
			);
			runOnlyForDeploymentPostprocessing = 0;
		};
/* End PBXFrameworksBuildPhase section */

/* Begin PBXGroup section */
		3B547513211D747C00D8A2D0 = {
			isa = PBXGroup;
			children = (
				3B54751E211D747C00D8A2D0 /* MenuDropDemo */,
				3B547533211D747D00D8A2D0 /* MenuDropDemoTests */,
				3B54753E211D747D00D8A2D0 /* MenuDropDemoUITests */,
				3B54751D211D747C00D8A2D0 /* Products */,
			);
			sourceTree = "<group>";
		};
		3B54751D211D747C00D8A2D0 /* Products */ = {
			isa = PBXGroup;
			children = (
				3B54751C211D747C00D8A2D0 /* MenuDropDemo.app */,
				3B547530211D747D00D8A2D0 /* MenuDropDemoTests.xctest */,
				3B54753B211D747D00D8A2D0 /* MenuDropDemoUITests.xctest */,
			);
			name = Products;
			sourceTree = "<group>";
		};
		3B54751E211D747C00D8A2D0 /* MenuDropDemo */ = {
			isa = PBXGroup;
			children = (
				3B54751F211D747C00D8A2D0 /* AppDelegate.swift */,
				3B547521211D747C00D8A2D0 /* ViewController.swift */,
				3B974599212C20BB009F2220 /* TableViewController1.swift */,
				3B54754D211D756A00D8A2D0 /* NMenuDropView.swift */,
				3B547523211D747C00D8A2D0 /* Main.storyboard */,
				3B547526211D747D00D8A2D0 /* Assets.xcassets */,
				3B547528211D747D00D8A2D0 /* LaunchScreen.storyboard */,
				3B54752B211D747D00D8A2D0 /* Info.plist */,
			);
			path = MenuDropDemo;
			sourceTree = "<group>";
		};
		3B547533211D747D00D8A2D0 /* MenuDropDemoTests */ = {
			isa = PBXGroup;
			children = (
				3B547534211D747D00D8A2D0 /* MenuDropDemoTests.swift */,
				3B547536211D747D00D8A2D0 /* Info.plist */,
			);
			path = MenuDropDemoTests;
			sourceTree = "<group>";
		};
		3B54753E211D747D00D8A2D0 /* MenuDropDemoUITests */ = {
			isa = PBXGroup;
			children = (
				3B54753F211D747D00D8A2D0 /* MenuDropDemoUITests.swift */,
				3B547541211D747D00D8A2D0 /* Info.plist */,
			);
			path = MenuDropDemoUITests;
			sourceTree = "<group>";
		};
/* End PBXGroup section */

/* Begin PBXNativeTarget section */
		3B54751B211D747C00D8A2D0 /* MenuDropDemo */ = {
			isa = PBXNativeTarget;
			buildConfigurationList = 3B547544211D747D00D8A2D0 /* Build configuration list for PBXNativeTarget "MenuDropDemo" */;
			buildPhases = (
				3B547518211D747C00D8A2D0 /* Sources */,
				3B547519211D747C00D8A2D0 /* Frameworks */,
				3B54751A211D747C00D8A2D0 /* Resources */,
			);
			buildRules = (
			);
			dependencies = (
			);
			name = MenuDropDemo;
			productName = MenuDropDemo;
			productReference = 3B54751C211D747C00D8A2D0 /* MenuDropDemo.app */;
			productType = "com.apple.product-type.application";
		};
		3B54752F211D747D00D8A2D0 /* MenuDropDemoTests */ = {
			isa = PBXNativeTarget;
			buildConfigurationList = 3B547547211D747D00D8A2D0 /* Build configuration list for PBXNativeTarget "MenuDropDemoTests" */;
			buildPhases = (
				3B54752C211D747D00D8A2D0 /* Sources */,
				3B54752D211D747D00D8A2D0 /* Frameworks */,
				3B54752E211D747D00D8A2D0 /* Resources */,
			);
			buildRules = (
			);
			dependencies = (
				3B547532211D747D00D8A2D0 /* PBXTargetDependency */,
			);
			name = MenuDropDemoTests;
			productName = MenuDropDemoTests;
			productReference = 3B547530211D747D00D8A2D0 /* MenuDropDemoTests.xctest */;
			productType = "com.apple.product-type.bundle.unit-test";
		};
		3B54753A211D747D00D8A2D0 /* MenuDropDemoUITests */ = {
			isa = PBXNativeTarget;
			buildConfigurationList = 3B54754A211D747D00D8A2D0 /* Build configuration list for PBXNativeTarget "MenuDropDemoUITests" */;
			buildPhases = (
				3B547537211D747D00D8A2D0 /* Sources */,
				3B547538211D747D00D8A2D0 /* Frameworks */,
				3B547539211D747D00D8A2D0 /* Resources */,
			);
			buildRules = (
			);
			dependencies = (
				3B54753D211D747D00D8A2D0 /* PBXTargetDependency */,
			);
			name = MenuDropDemoUITests;
			productName = MenuDropDemoUITests;
			productReference = 3B54753B211D747D00D8A2D0 /* MenuDropDemoUITests.xctest */;
			productType = "com.apple.product-type.bundle.ui-testing";
		};
/* End PBXNativeTarget section */

/* Begin PBXProject section */
		3B547514211D747C00D8A2D0 /* Project object */ = {
			isa = PBXProject;
			attributes = {
				LastSwiftUpdateCheck = 0940;
				LastUpgradeCheck = 0940;
				ORGANIZATIONNAME = ning;
				TargetAttributes = {
					3B54751B211D747C00D8A2D0 = {
						CreatedOnToolsVersion = 9.4.1;
					};
					3B54752F211D747D00D8A2D0 = {
						CreatedOnToolsVersion = 9.4.1;
						TestTargetID = 3B54751B211D747C00D8A2D0;
					};
					3B54753A211D747D00D8A2D0 = {
						CreatedOnToolsVersion = 9.4.1;
						TestTargetID = 3B54751B211D747C00D8A2D0;
					};
				};
			};
			buildConfigurationList = 3B547517211D747C00D8A2D0 /* Build configuration list for PBXProject "MenuDropDemo" */;
			compatibilityVersion = "Xcode 9.3";
			developmentRegion = en;
			hasScannedForEncodings = 0;
			knownRegions = (
				en,
				Base,
			);
			mainGroup = 3B547513211D747C00D8A2D0;
			productRefGroup = 3B54751D211D747C00D8A2D0 /* Products */;
			projectDirPath = "";
			projectRoot = "";
			targets = (
				3B54751B211D747C00D8A2D0 /* MenuDropDemo */,
				3B54752F211D747D00D8A2D0 /* MenuDropDemoTests */,
				3B54753A211D747D00D8A2D0 /* MenuDropDemoUITests */,
			);
		};
/* End PBXProject section */

/* Begin PBXResourcesBuildPhase section */
		3B54751A211D747C00D8A2D0 /* Resources */ = {
			isa = PBXResourcesBuildPhase;
			buildActionMask = 2147483647;
			files = (
				3B54752A211D747D00D8A2D0 /* LaunchScreen.storyboard in Resources */,
				3B547527211D747D00D8A2D0 /* Assets.xcassets in Resources */,
				3B547525211D747C00D8A2D0 /* Main.storyboard in Resources */,
			);
			runOnlyForDeploymentPostprocessing = 0;
		};
		3B54752E211D747D00D8A2D0 /* Resources */ = {
			isa = PBXResourcesBuildPhase;
			buildActionMask = 2147483647;
			files = (
			);
			runOnlyForDeploymentPostprocessing = 0;
		};
		3B547539211D747D00D8A2D0 /* Resources */ = {
			isa = PBXResourcesBuildPhase;
			buildActionMask = 2147483647;
			files = (
			);
			runOnlyForDeploymentPostprocessing = 0;
		};
/* End PBXResourcesBuildPhase section */

/* Begin PBXSourcesBuildPhase section */
		3B547518211D747C00D8A2D0 /* Sources */ = {
			isa = PBXSourcesBuildPhase;
			buildActionMask = 2147483647;
			files = (
				3B547522211D747C00D8A2D0 /* ViewController.swift in Sources */,
				3B97459A212C20BB009F2220 /* TableViewController1.swift in Sources */,
				3B54754E211D756A00D8A2D0 /* NMenuDropView.swift in Sources */,
				3B547520211D747C00D8A2D0 /* AppDelegate.swift in Sources */,
			);
			runOnlyForDeploymentPostprocessing = 0;
		};
		3B54752C211D747D00D8A2D0 /* Sources */ = {
			isa = PBXSourcesBuildPhase;
			buildActionMask = 2147483647;
			files = (
				3B547535211D747D00D8A2D0 /* MenuDropDemoTests.swift in Sources */,
			);
			runOnlyForDeploymentPostprocessing = 0;
		};
		3B547537211D747D00D8A2D0 /* Sources */ = {
			isa = PBXSourcesBuildPhase;
			buildActionMask = 2147483647;
			files = (
				3B547540211D747D00D8A2D0 /* MenuDropDemoUITests.swift in Sources */,
			);
			runOnlyForDeploymentPostprocessing = 0;
		};
/* End PBXSourcesBuildPhase section */

/* Begin PBXTargetDependency section */
		3B547532211D747D00D8A2D0 /* PBXTargetDependency */ = {
			isa = PBXTargetDependency;
			target = 3B54751B211D747C00D8A2D0 /* MenuDropDemo */;
			targetProxy = 3B547531211D747D00D8A2D0 /* PBXContainerItemProxy */;
		};
		3B54753D211D747D00D8A2D0 /* PBXTargetDependency */ = {
			isa = PBXTargetDependency;
			target = 3B54751B211D747C00D8A2D0 /* MenuDropDemo */;
			targetProxy = 3B54753C211D747D00D8A2D0 /* PBXContainerItemProxy */;
		};
/* End PBXTargetDependency section */

/* Begin PBXVariantGroup section */
		3B547523211D747C00D8A2D0 /* Main.storyboard */ = {
			isa = PBXVariantGroup;
			children = (
				3B547524211D747C00D8A2D0 /* Base */,
			);
			name = Main.storyboard;
			sourceTree = "<group>";
		};
		3B547528211D747D00D8A2D0 /* LaunchScreen.storyboard */ = {
			isa = PBXVariantGroup;
			children = (
				3B547529211D747D00D8A2D0 /* Base */,
			);
			name = LaunchScreen.storyboard;
			sourceTree = "<group>";
		};
/* End PBXVariantGroup section */

/* Begin XCBuildConfiguration section */
		3B547542211D747D00D8A2D0 /* Debug */ = {
			isa = XCBuildConfiguration;
			buildSettings = {
				ALWAYS_SEARCH_USER_PATHS = NO;
				CLANG_ANALYZER_NONNULL = YES;
				CLANG_ANALYZER_NUMBER_OBJECT_CONVERSION = YES_AGGRESSIVE;
				CLANG_CXX_LANGUAGE_STANDARD = "gnu++14";
				CLANG_CXX_LIBRARY = "libc++";
				CLANG_ENABLE_MODULES = YES;
				CLANG_ENABLE_OBJC_ARC = YES;
				CLANG_ENABLE_OBJC_WEAK = YES;
				CLANG_WARN_BLOCK_CAPTURE_AUTORELEASING = YES;
				CLANG_WARN_BOOL_CONVERSION = YES;
				CLANG_WARN_COMMA = YES;
				CLANG_WARN_CONSTANT_CONVERSION = YES;
				CLANG_WARN_DEPRECATED_OBJC_IMPLEMENTATIONS = YES;
				CLANG_WARN_DIRECT_OBJC_ISA_USAGE = YES_ERROR;
				CLANG_WARN_DOCUMENTATION_COMMENTS = YES;
				CLANG_WARN_EMPTY_BODY = YES;
				CLANG_WARN_ENUM_CONVERSION = YES;
				CLANG_WARN_INFINITE_RECURSION = YES;
				CLANG_WARN_INT_CONVERSION = YES;
				CLANG_WARN_NON_LITERAL_NULL_CONVERSION = YES;
				CLANG_WARN_OBJC_IMPLICIT_RETAIN_SELF = YES;
				CLANG_WARN_OBJC_LITERAL_CONVERSION = YES;
				CLANG_WARN_OBJC_ROOT_CLASS = YES_ERROR;
				CLANG_WARN_RANGE_LOOP_ANALYSIS = YES;
				CLANG_WARN_STRICT_PROTOTYPES = YES;
				CLANG_WARN_SUSPICIOUS_MOVE = YES;
				CLANG_WARN_UNGUARDED_AVAILABILITY = YES_AGGRESSIVE;
				CLANG_WARN_UNREACHABLE_CODE = YES;
				CLANG_WARN__DUPLICATE_METHOD_MATCH = YES;
				CODE_SIGN_IDENTITY = "iPhone Developer";
				COPY_PHASE_STRIP = NO;
				DEBUG_INFORMATION_FORMAT = dwarf;
				ENABLE_STRICT_OBJC_MSGSEND = YES;
				ENABLE_TESTABILITY = YES;
				GCC_C_LANGUAGE_STANDARD = gnu11;
				GCC_DYNAMIC_NO_PIC = NO;
				GCC_NO_COMMON_BLOCKS = YES;
				GCC_OPTIMIZATION_LEVEL = 0;
				GCC_PREPROCESSOR_DEFINITIONS = (
					"DEBUG=1",
					"$(inherited)",
				);
				GCC_WARN_64_TO_32_BIT_CONVERSION = YES;
				GCC_WARN_ABOUT_RETURN_TYPE = YES_ERROR;
				GCC_WARN_UNDECLARED_SELECTOR = YES;
				GCC_WARN_UNINITIALIZED_AUTOS = YES_AGGRESSIVE;
				GCC_WARN_UNUSED_FUNCTION = YES;
				GCC_WARN_UNUSED_VARIABLE = YES;
				IPHONEOS_DEPLOYMENT_TARGET = 11.4;
				MTL_ENABLE_DEBUG_INFO = YES;
				ONLY_ACTIVE_ARCH = YES;
				SDKROOT = iphoneos;
				SWIFT_ACTIVE_COMPILATION_CONDITIONS = DEBUG;
				SWIFT_OPTIMIZATION_LEVEL = "-Onone";
			};
			name = Debug;
		};
		3B547543211D747D00D8A2D0 /* Release */ = {
			isa = XCBuildConfiguration;
			buildSettings = {
				ALWAYS_SEARCH_USER_PATHS = NO;
				CLANG_ANALYZER_NONNULL = YES;
				CLANG_ANALYZER_NUMBER_OBJECT_CONVERSION = YES_AGGRESSIVE;
				CLANG_CXX_LANGUAGE_STANDARD = "gnu++14";
				CLANG_CXX_LIBRARY = "libc++";
				CLANG_ENABLE_MODULES = YES;
				CLANG_ENABLE_OBJC_ARC = YES;
				CLANG_ENABLE_OBJC_WEAK = YES;
				CLANG_WARN_BLOCK_CAPTURE_AUTORELEASING = YES;
				CLANG_WARN_BOOL_CONVERSION = YES;
				CLANG_WARN_COMMA = YES;
				CLANG_WARN_CONSTANT_CONVERSION = YES;
				CLANG_WARN_DEPRECATED_OBJC_IMPLEMENTATIONS = YES;
				CLANG_WARN_DIRECT_OBJC_ISA_USAGE = YES_ERROR;
				CLANG_WARN_DOCUMENTATION_COMMENTS = YES;
				CLANG_WARN_EMPTY_BODY = YES;
				CLANG_WARN_ENUM_CONVERSION = YES;
				CLANG_WARN_INFINITE_RECURSION = YES;
				CLANG_WARN_INT_CONVERSION = YES;
				CLANG_WARN_NON_LITERAL_NULL_CONVERSION = YES;
				CLANG_WARN_OBJC_IMPLICIT_RETAIN_SELF = YES;
				CLANG_WARN_OBJC_LITERAL_CONVERSION = YES;
				CLANG_WARN_OBJC_ROOT_CLASS = YES_ERROR;
				CLANG_WARN_RANGE_LOOP_ANALYSIS = YES;
				CLANG_WARN_STRICT_PROTOTYPES = YES;
				CLANG_WARN_SUSPICIOUS_MOVE = YES;
				CLANG_WARN_UNGUARDED_AVAILABILITY = YES_AGGRESSIVE;
				CLANG_WARN_UNREACHABLE_CODE = YES;
				CLANG_WARN__DUPLICATE_METHOD_MATCH = YES;
				CODE_SIGN_IDENTITY = "iPhone Developer";
				COPY_PHASE_STRIP = NO;
				DEBUG_INFORMATION_FORMAT = "dwarf-with-dsym";
				ENABLE_NS_ASSERTIONS = NO;
				ENABLE_STRICT_OBJC_MSGSEND = YES;
				GCC_C_LANGUAGE_STANDARD = gnu11;
				GCC_NO_COMMON_BLOCKS = YES;
				GCC_WARN_64_TO_32_BIT_CONVERSION = YES;
				GCC_WARN_ABOUT_RETURN_TYPE = YES_ERROR;
				GCC_WARN_UNDECLARED_SELECTOR = YES;
				GCC_WARN_UNINITIALIZED_AUTOS = YES_AGGRESSIVE;
				GCC_WARN_UNUSED_FUNCTION = YES;
				GCC_WARN_UNUSED_VARIABLE = YES;
				IPHONEOS_DEPLOYMENT_TARGET = 11.4;
				MTL_ENABLE_DEBUG_INFO = NO;
				SDKROOT = iphoneos;
				SWIFT_COMPILATION_MODE = wholemodule;
				SWIFT_OPTIMIZATION_LEVEL = "-O";
				VALIDATE_PRODUCT = YES;
			};
			name = Release;
		};
		3B547545211D747D00D8A2D0 /* Debug */ = {
			isa = XCBuildConfiguration;
			buildSettings = {
				ASSETCATALOG_COMPILER_APPICON_NAME = AppIcon;
				CODE_SIGN_STYLE = Automatic;
				INFOPLIST_FILE = MenuDropDemo/Info.plist;
				LD_RUNPATH_SEARCH_PATHS = (
					"$(inherited)",
					"@executable_path/Frameworks",
				);
				PRODUCT_BUNDLE_IDENTIFIER = com.ning.MenuDropDemo;
				PRODUCT_NAME = "$(TARGET_NAME)";
				SWIFT_VERSION = 4.0;
				TARGETED_DEVICE_FAMILY = "1,2";
			};
			name = Debug;
		};
		3B547546211D747D00D8A2D0 /* Release */ = {
			isa = XCBuildConfiguration;
			buildSettings = {
				ASSETCATALOG_COMPILER_APPICON_NAME = AppIcon;
				CODE_SIGN_STYLE = Automatic;
				INFOPLIST_FILE = MenuDropDemo/Info.plist;
				LD_RUNPATH_SEARCH_PATHS = (
					"$(inherited)",
					"@executable_path/Frameworks",
				);
				PRODUCT_BUNDLE_IDENTIFIER = com.ning.MenuDropDemo;
				PRODUCT_NAME = "$(TARGET_NAME)";
				SWIFT_VERSION = 4.0;
				TARGETED_DEVICE_FAMILY = "1,2";
			};
			name = Release;
		};
		3B547548211D747D00D8A2D0 /* Debug */ = {
			isa = XCBuildConfiguration;
			buildSettings = {
				ALWAYS_EMBED_SWIFT_STANDARD_LIBRARIES = YES;
				BUNDLE_LOADER = "$(TEST_HOST)";
				CODE_SIGN_STYLE = Automatic;
				INFOPLIST_FILE = MenuDropDemoTests/Info.plist;
				LD_RUNPATH_SEARCH_PATHS = (
					"$(inherited)",
					"@executable_path/Frameworks",
					"@loader_path/Frameworks",
				);
				PRODUCT_BUNDLE_IDENTIFIER = com.ning.MenuDropDemoTests;
				PRODUCT_NAME = "$(TARGET_NAME)";
				SWIFT_VERSION = 4.0;
				TARGETED_DEVICE_FAMILY = "1,2";
				TEST_HOST = "$(BUILT_PRODUCTS_DIR)/MenuDropDemo.app/MenuDropDemo";
			};
			name = Debug;
		};
		3B547549211D747D00D8A2D0 /* Release */ = {
			isa = XCBuildConfiguration;
			buildSettings = {
				ALWAYS_EMBED_SWIFT_STANDARD_LIBRARIES = YES;
				BUNDLE_LOADER = "$(TEST_HOST)";
				CODE_SIGN_STYLE = Automatic;
				INFOPLIST_FILE = MenuDropDemoTests/Info.plist;
				LD_RUNPATH_SEARCH_PATHS = (
					"$(inherited)",
					"@executable_path/Frameworks",
					"@loader_path/Frameworks",
				);
				PRODUCT_BUNDLE_IDENTIFIER = com.ning.MenuDropDemoTests;
				PRODUCT_NAME = "$(TARGET_NAME)";
				SWIFT_VERSION = 4.0;
				TARGETED_DEVICE_FAMILY = "1,2";
				TEST_HOST = "$(BUILT_PRODUCTS_DIR)/MenuDropDemo.app/MenuDropDemo";
			};
			name = Release;
		};
		3B54754B211D747D00D8A2D0 /* Debug */ = {
			isa = XCBuildConfiguration;
			buildSettings = {
				ALWAYS_EMBED_SWIFT_STANDARD_LIBRARIES = YES;
				CODE_SIGN_STYLE = Automatic;
				INFOPLIST_FILE = MenuDropDemoUITests/Info.plist;
				LD_RUNPATH_SEARCH_PATHS = (
					"$(inherited)",
					"@executable_path/Frameworks",
					"@loader_path/Frameworks",
				);
				PRODUCT_BUNDLE_IDENTIFIER = com.ning.MenuDropDemoUITests;
				PRODUCT_NAME = "$(TARGET_NAME)";
				SWIFT_VERSION = 4.0;
				TARGETED_DEVICE_FAMILY = "1,2";
				TEST_TARGET_NAME = MenuDropDemo;
			};
			name = Debug;
		};
		3B54754C211D747D00D8A2D0 /* Release */ = {
			isa = XCBuildConfiguration;
			buildSettings = {
				ALWAYS_EMBED_SWIFT_STANDARD_LIBRARIES = YES;
				CODE_SIGN_STYLE = Automatic;
				INFOPLIST_FILE = MenuDropDemoUITests/Info.plist;
				LD_RUNPATH_SEARCH_PATHS = (
					"$(inherited)",
					"@executable_path/Frameworks",
					"@loader_path/Frameworks",
				);
				PRODUCT_BUNDLE_IDENTIFIER = com.ning.MenuDropDemoUITests;
				PRODUCT_NAME = "$(TARGET_NAME)";
				SWIFT_VERSION = 4.0;
				TARGETED_DEVICE_FAMILY = "1,2";
				TEST_TARGET_NAME = MenuDropDemo;
			};
			name = Release;
		};
/* End XCBuildConfiguration section */

/* Begin XCConfigurationList section */
		3B547517211D747C00D8A2D0 /* Build configuration list for PBXProject "MenuDropDemo" */ = {
			isa = XCConfigurationList;
			buildConfigurations = (
				3B547542211D747D00D8A2D0 /* Debug */,
				3B547543211D747D00D8A2D0 /* Release */,
			);
			defaultConfigurationIsVisible = 0;
			defaultConfigurationName = Release;
		};
		3B547544211D747D00D8A2D0 /* Build configuration list for PBXNativeTarget "MenuDropDemo" */ = {
			isa = XCConfigurationList;
			buildConfigurations = (
				3B547545211D747D00D8A2D0 /* Debug */,
				3B547546211D747D00D8A2D0 /* Release */,
			);
			defaultConfigurationIsVisible = 0;
			defaultConfigurationName = Release;
		};
		3B547547211D747D00D8A2D0 /* Build configuration list for PBXNativeTarget "MenuDropDemoTests" */ = {
			isa = XCConfigurationList;
			buildConfigurations = (
				3B547548211D747D00D8A2D0 /* Debug */,
				3B547549211D747D00D8A2D0 /* Release */,
			);
			defaultConfigurationIsVisible = 0;
			defaultConfigurationName = Release;
		};
		3B54754A211D747D00D8A2D0 /* Build configuration list for PBXNativeTarget "MenuDropDemoUITests" */ = {
			isa = XCConfigurationList;
			buildConfigurations = (
				3B54754B211D747D00D8A2D0 /* Debug */,
				3B54754C211D747D00D8A2D0 /* Release */,
			);
			defaultConfigurationIsVisible = 0;
			defaultConfigurationName = Release;
		};
/* End XCConfigurationList section */
	};
	rootObject = 3B547514211D747C00D8A2D0 /* Project object */;
}
